
Microsoft Visual Studio Solution File, Format Version 12.00
# Visual Studio Version 17
VisualStudioVersion = 17.6.33717.318
MinimumVisualStudioVersion = 10.0.40219.1
Project("{FAE04EC0-301F-11D3-BF4B-00C04F79EFBC}") = "ShopOnline.Web", "ShopOnline.Web\ShopOnline.Web.csproj", "{6E12C6A9-F900-423D-8B3B-1947E30E953F}"
EndProject
Project("{FAE04EC0-301F-11D3-BF4B-00C04F79EFBC}") = "ShopOnline.Api", "ShopOnline.Api\ShopOnline.Api.csproj", "{286B3209-154E-4EB0-9785-411E8534C440}"
EndProject
Project("{FAE04EC0-301F-11D3-BF4B-00C04F79EFBC}") = "ShopOnline.Models", "ShopOnline.Models\ShopOnline.Models.csproj", "{4899B268-8DA1-4CC4-B7F3-53041CD9502A}"
EndProject
Global
	GlobalSection(SolutionConfigurationPlatforms) = preSolution
		Debug|Any CPU = Debug|Any CPU
		Release|Any CPU = Release|Any CPU
	EndGlobalSection
	GlobalSection(ProjectConfigurationPlatforms) = postSolution
		{6E12C6A9-F900-423D-8B3B-1947E30E953F}.Debug|Any CPU.ActiveCfg = Debug|Any CPU
		{6E12C6A9-F900-423D-8B3B-1947E30E953F}.Debug|Any CPU.Build.0 = Debug|Any CPU
		{6E12C6A9-F900-423D-8B3B-1947E30E953F}.Release|Any CPU.ActiveCfg = Release|Any CPU
		{6E12C6A9-F900-423D-8B3B-1947E30E953F}.Release|Any CPU.Build.0 = Release|Any CPU
		{286B3209-154E-4EB0-9785-411E8534C440}.Debug|Any CPU.ActiveCfg = Debug|Any CPU
		{286B3209-154E-4EB0-9785-411E8534C440}.Debug|Any CPU.Build.0 = Debug|Any CPU
		{286B3209-154E-4EB0-9785-411E8534C440}.Release|Any CPU.ActiveCfg = Release|Any CPU
		{286B3209-154E-4EB0-9785-411E8534C440}.Release|Any CPU.Build.0 = Release|Any CPU
		{4899B268-8DA1-4CC4-B7F3-53041CD9502A}.Debug|Any CPU.ActiveCfg = Debug|Any CPU
		{4899B268-8DA1-4CC4-B7F3-53041CD9502A}.Debug|Any CPU.Build.0 = Debug|Any CPU
		{4899B268-8DA1-4CC4-B7F3-53041CD9502A}.Release|Any CPU.ActiveCfg = Release|Any CPU
		{4899B268-8DA1-4CC4-B7F3-53041CD9502A}.Release|Any CPU.Build.0 = Release|Any CPU
	EndGlobalSection
	GlobalSection(SolutionProperties) = preSolution
		HideSolutionNode = FALSE
	EndGlobalSection
	GlobalSection(ExtensibilityGlobals) = postSolution
		SolutionGuid = {BF6EBC40-06D0-4E1B-B7D3-8BDCD009CF47}
	EndGlobalSection
EndGlobal
